
Microsoft Visual Studio Solution File, Format Version 12.00
# Visual Studio Version 16
VisualStudioVersion = 16.0.30002.166
MinimumVisualStudioVersion = 10.0.40219.1
Project("{9A19103F-16F7-4668-BE54-9A1E7A4F7556}") = "Blog", "Blog\Blog.csproj", "{5879FA9E-75DB-435B-B381-C29ED0E6CC73}"
EndProject
Project("{2150E333-8FDC-42A3-9474-1A3956D46DE8}") = "Solution Items", "Solution Items", "{AD41B288-9D41-4962-A00B-7AF1C2515FD7}"
	ProjectSection(SolutionItems) = preProject
		readme.md = readme.md
	EndProjectSection
EndProject
Global
	GlobalSection(SolutionConfigurationPlatforms) = preSolution
		Debug|Any CPU = Debug|Any CPU
		Release|Any CPU = Release|Any CPU
	EndGlobalSection
	GlobalSection(ProjectConfigurationPlatforms) = postSolution
		{5879FA9E-75DB-435B-B381-C29ED0E6CC73}.Debug|Any CPU.ActiveCfg = Debug|Any CPU
		{5879FA9E-75DB-435B-B381-C29ED0E6CC73}.Debug|Any CPU.Build.0 = Debug|Any CPU
		{5879FA9E-75DB-435B-B381-C29ED0E6CC73}.Release|Any CPU.ActiveCfg = Release|Any CPU
		{5879FA9E-75DB-435B-B381-C29ED0E6CC73}.Release|Any CPU.Build.0 = Release|Any CPU
	EndGlobalSection
	GlobalSection(SolutionProperties) = preSolution
		HideSolutionNode = FALSE
	EndGlobalSection
	GlobalSection(ExtensibilityGlobals) = postSolution
		SolutionGuid = {81877671-6F05-43B9-8AA2-A7B6312118B1}
	EndGlobalSection
EndGlobal
