
Microsoft Visual Studio Solution File, Format Version 12.00
# Visual Studio Version 16
VisualStudioVersion = 16.0.30002.166
MinimumVisualStudioVersion = 10.0.40219.1
Project("{9A19103F-16F7-4668-BE54-9A1E7A4F7556}") = "Blog", "Blog\Blog.csproj", "{5879FA9E-75DB-435B-B381-C29ED0E6CC73}"
EndProject
Project("{9A19103F-16F7-4668-BE54-9A1E7A4F7556}") = "Blog.API", "Blog.API\Blog.API.csproj", "{57BC48D4-29FA-4E90-84FE-F4899B95DB9D}"
EndProject
Project("{9A19103F-16F7-4668-BE54-9A1E7A4F7556}") = "Blog.Core", "Blog.Core\Blog.Core.csproj", "{6B8DFBDA-A492-4015-AE5B-1B51F8ED5BE9}"
EndProject
Project("{9A19103F-16F7-4668-BE54-9A1E7A4F7556}") = "Blog.DataUtility", "Blog.DataUtility\Blog.DataUtility.csproj", "{E5CDB5CC-B241-49EA-AC69-0C2B85C82A79}"
EndProject
Project("{9A19103F-16F7-4668-BE54-9A1E7A4F7556}") = "Blog.Domain", "Blog.Domain\Blog.Domain.csproj", "{5ED7A0F0-BD5E-4CF7-AF6A-24AC5D7D3285}"
EndProject
Project("{9A19103F-16F7-4668-BE54-9A1E7A4F7556}") = "Blog.IntegrationTests", "Blog.IntegrationTests\Blog.IntegrationTests.csproj", "{2D7CE091-E583-4B51-858C-BBB2B707DE95}"
EndProject
Project("{9A19103F-16F7-4668-BE54-9A1E7A4F7556}") = "Blog.MigrationFactories", "Blog.MigrationFactories\Blog.MigrationFactories.csproj", "{43AFB456-D562-4BC9-8333-113219D0352D}"
EndProject
Project("{9A19103F-16F7-4668-BE54-9A1E7A4F7556}") = "Blog.Model", "Blog.Model\Blog.Model.csproj", "{7A8EE94E-C376-4D48-A8AA-57DB9549C702}"
EndProject
Project("{9A19103F-16F7-4668-BE54-9A1E7A4F7556}") = "Blog.Services", "Blog.Services\Blog.Services.csproj", "{3683B2E0-A61D-4C50-AEA9-DD760783D459}"
EndProject
Project("{2150E333-8FDC-42A3-9474-1A3956D46DE8}") = "EndPoints", "EndPoints", "{1D5C7A4B-AB8D-4C83-8F9A-F8793A3CD807}"
	ProjectSection(SolutionItems) = preProject
		EndPoints\EndPoints.json = EndPoints\EndPoints.json
	EndProjectSection
EndProject
Project("{2150E333-8FDC-42A3-9474-1A3956D46DE8}") = "Solution Items", "Solution Items", "{0A3CDA72-BDB0-4E5E-8859-B6DA1035895C}"
	ProjectSection(SolutionItems) = preProject
		Dockerfile = Dockerfile
		notes.txt = notes.txt
	EndProjectSection
EndProject
Global
	GlobalSection(SolutionConfigurationPlatforms) = preSolution
		Debug|Any CPU = Debug|Any CPU
		Release|Any CPU = Release|Any CPU
		Stage|Any CPU = Stage|Any CPU
	EndGlobalSection
	GlobalSection(ProjectConfigurationPlatforms) = postSolution
		{5879FA9E-75DB-435B-B381-C29ED0E6CC73}.Debug|Any CPU.ActiveCfg = Debug|Any CPU
		{5879FA9E-75DB-435B-B381-C29ED0E6CC73}.Debug|Any CPU.Build.0 = Debug|Any CPU
		{5879FA9E-75DB-435B-B381-C29ED0E6CC73}.Release|Any CPU.ActiveCfg = Release|Any CPU
		{5879FA9E-75DB-435B-B381-C29ED0E6CC73}.Release|Any CPU.Build.0 = Release|Any CPU
		{5879FA9E-75DB-435B-B381-C29ED0E6CC73}.Stage|Any CPU.ActiveCfg = Stage|Any CPU
		{5879FA9E-75DB-435B-B381-C29ED0E6CC73}.Stage|Any CPU.Build.0 = Stage|Any CPU
		{57BC48D4-29FA-4E90-84FE-F4899B95DB9D}.Debug|Any CPU.ActiveCfg = Debug|Any CPU
		{57BC48D4-29FA-4E90-84FE-F4899B95DB9D}.Debug|Any CPU.Build.0 = Debug|Any CPU
		{57BC48D4-29FA-4E90-84FE-F4899B95DB9D}.Release|Any CPU.ActiveCfg = Release|Any CPU
		{57BC48D4-29FA-4E90-84FE-F4899B95DB9D}.Release|Any CPU.Build.0 = Release|Any CPU
		{57BC48D4-29FA-4E90-84FE-F4899B95DB9D}.Stage|Any CPU.ActiveCfg = Stage|Any CPU
		{57BC48D4-29FA-4E90-84FE-F4899B95DB9D}.Stage|Any CPU.Build.0 = Stage|Any CPU
		{6B8DFBDA-A492-4015-AE5B-1B51F8ED5BE9}.Debug|Any CPU.ActiveCfg = Debug|Any CPU
		{6B8DFBDA-A492-4015-AE5B-1B51F8ED5BE9}.Debug|Any CPU.Build.0 = Debug|Any CPU
		{6B8DFBDA-A492-4015-AE5B-1B51F8ED5BE9}.Release|Any CPU.ActiveCfg = Release|Any CPU
		{6B8DFBDA-A492-4015-AE5B-1B51F8ED5BE9}.Release|Any CPU.Build.0 = Release|Any CPU
		{6B8DFBDA-A492-4015-AE5B-1B51F8ED5BE9}.Stage|Any CPU.ActiveCfg = Stage|Any CPU
		{6B8DFBDA-A492-4015-AE5B-1B51F8ED5BE9}.Stage|Any CPU.Build.0 = Stage|Any CPU
		{E5CDB5CC-B241-49EA-AC69-0C2B85C82A79}.Debug|Any CPU.ActiveCfg = Debug|Any CPU
		{E5CDB5CC-B241-49EA-AC69-0C2B85C82A79}.Debug|Any CPU.Build.0 = Debug|Any CPU
		{E5CDB5CC-B241-49EA-AC69-0C2B85C82A79}.Release|Any CPU.ActiveCfg = Release|Any CPU
		{E5CDB5CC-B241-49EA-AC69-0C2B85C82A79}.Release|Any CPU.Build.0 = Release|Any CPU
		{E5CDB5CC-B241-49EA-AC69-0C2B85C82A79}.Stage|Any CPU.ActiveCfg = Stage|Any CPU
		{E5CDB5CC-B241-49EA-AC69-0C2B85C82A79}.Stage|Any CPU.Build.0 = Stage|Any CPU
		{5ED7A0F0-BD5E-4CF7-AF6A-24AC5D7D3285}.Debug|Any CPU.ActiveCfg = Debug|Any CPU
		{5ED7A0F0-BD5E-4CF7-AF6A-24AC5D7D3285}.Debug|Any CPU.Build.0 = Debug|Any CPU
		{5ED7A0F0-BD5E-4CF7-AF6A-24AC5D7D3285}.Release|Any CPU.ActiveCfg = Release|Any CPU
		{5ED7A0F0-BD5E-4CF7-AF6A-24AC5D7D3285}.Release|Any CPU.Build.0 = Release|Any CPU
		{5ED7A0F0-BD5E-4CF7-AF6A-24AC5D7D3285}.Stage|Any CPU.ActiveCfg = Stage|Any CPU
		{5ED7A0F0-BD5E-4CF7-AF6A-24AC5D7D3285}.Stage|Any CPU.Build.0 = Stage|Any CPU
		{2D7CE091-E583-4B51-858C-BBB2B707DE95}.Debug|Any CPU.ActiveCfg = Debug|Any CPU
		{2D7CE091-E583-4B51-858C-BBB2B707DE95}.Debug|Any CPU.Build.0 = Debug|Any CPU
		{2D7CE091-E583-4B51-858C-BBB2B707DE95}.Release|Any CPU.ActiveCfg = Release|Any CPU
		{2D7CE091-E583-4B51-858C-BBB2B707DE95}.Release|Any CPU.Build.0 = Release|Any CPU
		{2D7CE091-E583-4B51-858C-BBB2B707DE95}.Stage|Any CPU.ActiveCfg = Stage|Any CPU
		{2D7CE091-E583-4B51-858C-BBB2B707DE95}.Stage|Any CPU.Build.0 = Stage|Any CPU
		{43AFB456-D562-4BC9-8333-113219D0352D}.Debug|Any CPU.ActiveCfg = Debug|Any CPU
		{43AFB456-D562-4BC9-8333-113219D0352D}.Debug|Any CPU.Build.0 = Debug|Any CPU
		{43AFB456-D562-4BC9-8333-113219D0352D}.Release|Any CPU.ActiveCfg = Release|Any CPU
		{43AFB456-D562-4BC9-8333-113219D0352D}.Release|Any CPU.Build.0 = Release|Any CPU
		{43AFB456-D562-4BC9-8333-113219D0352D}.Stage|Any CPU.ActiveCfg = Stage|Any CPU
		{43AFB456-D562-4BC9-8333-113219D0352D}.Stage|Any CPU.Build.0 = Stage|Any CPU
		{7A8EE94E-C376-4D48-A8AA-57DB9549C702}.Debug|Any CPU.ActiveCfg = Debug|Any CPU
		{7A8EE94E-C376-4D48-A8AA-57DB9549C702}.Debug|Any CPU.Build.0 = Debug|Any CPU
		{7A8EE94E-C376-4D48-A8AA-57DB9549C702}.Release|Any CPU.ActiveCfg = Release|Any CPU
		{7A8EE94E-C376-4D48-A8AA-57DB9549C702}.Release|Any CPU.Build.0 = Release|Any CPU
		{7A8EE94E-C376-4D48-A8AA-57DB9549C702}.Stage|Any CPU.ActiveCfg = Stage|Any CPU
		{7A8EE94E-C376-4D48-A8AA-57DB9549C702}.Stage|Any CPU.Build.0 = Stage|Any CPU
		{3683B2E0-A61D-4C50-AEA9-DD760783D459}.Debug|Any CPU.ActiveCfg = Debug|Any CPU
		{3683B2E0-A61D-4C50-AEA9-DD760783D459}.Debug|Any CPU.Build.0 = Debug|Any CPU
		{3683B2E0-A61D-4C50-AEA9-DD760783D459}.Release|Any CPU.ActiveCfg = Release|Any CPU
		{3683B2E0-A61D-4C50-AEA9-DD760783D459}.Release|Any CPU.Build.0 = Release|Any CPU
		{3683B2E0-A61D-4C50-AEA9-DD760783D459}.Stage|Any CPU.ActiveCfg = Stage|Any CPU
		{3683B2E0-A61D-4C50-AEA9-DD760783D459}.Stage|Any CPU.Build.0 = Stage|Any CPU
	EndGlobalSection
	GlobalSection(SolutionProperties) = preSolution
		HideSolutionNode = FALSE
	EndGlobalSection
	GlobalSection(ExtensibilityGlobals) = postSolution
		SolutionGuid = {81877671-6F05-43B9-8AA2-A7B6312118B1}
	EndGlobalSection
EndGlobal
